{
  "requires": true,
  "lockfileVersion": 1,
  "dependencies": {
    "@nathanvda/cocoon": {
      "version": "1.2.14",
      "resolved": "https://registry.npmjs.org/@nathanvda/cocoon/-/cocoon-1.2.14.tgz",
      "integrity": "sha512-WcEt2vVp50de2i7rkD4O+96O1iMtMIcTBNGPocrHfcmHDujKOngoLHFF8Ektgoh8PjwFAJMxx8WyGv0BtKTjxQ==",
      "requires": {
        "jquery": "^3.3.1"
      }
    },
    "@orchidjs/sifter": {
      "version": "1.0.3",
      "resolved": "https://registry.npmjs.org/@orchidjs/sifter/-/sifter-1.0.3.tgz",
      "integrity": "sha512-zCZbwKegHytfsPm8Amcfh7v/4vHqTAaOu6xFswBYcn8nznBOuseu6COB2ON7ez0tFV0mKL0nRNnCiZZA+lU9/g==",
      "requires": {
        "@orchidjs/unicode-variants": "^1.0.4"
      }
    },
    "@orchidjs/unicode-variants": {
      "version": "1.0.4",
      "resolved": "https://registry.npmjs.org/@orchidjs/unicode-variants/-/unicode-variants-1.0.4.tgz",
      "integrity": "sha512-NvVBRnZNE+dugiXERFsET1JlKZfM5lJDEpSMilKW4bToYJ7pxf0Zne78xyXB2ny2c2aHfJ6WLnz1AaTNHAmQeQ=="
    },
    "jquery": {
      "version": "3.7.1",
      "resolved": "https://registry.npmjs.org/jquery/-/jquery-3.7.1.tgz",
      "integrity": "sha512-m4avr8yL8kmFN8psrbFFFmB/If14iN5o9nw/NgnnM+kybDJpRsAynV2BsfpTYrTRysYUdADVD7CkUUizgkpLfg=="
    },
    "tom-select": {
      "version": "2.2.3",
      "resolved": "https://registry.npmjs.org/tom-select/-/tom-select-2.2.3.tgz",
      "integrity": "sha512-VMhRdFlugLGdnNZsP5r8sHKtyvWekIbtr53uoKONMzM+JSBWgy5pV9F+iZ2LTEbzIQI0efIwZ7I6h+wzZoM/zQ==",
      "requires": {
        "@orchidjs/sifter": "^1.0.3",
        "@orchidjs/unicode-variants": "^1.0.4"
      }
    }
  }
}
